
Microsoft Visual Studio Solution File, Format Version 12.00
# Visual Studio Version 17
VisualStudioVersion = 17.14.36109.1
MinimumVisualStudioVersion = 10.0.40219.1
Project("{FAE04EC0-301F-11D3-BF4B-00C04F79EFBC}") = "OrderManagement.Domain", "OrderManagement.Domain\OrderManagement.Domain.csproj", "{CF8A00CA-8F59-46F0-B496-F4979AC024F1}"
EndProject
Project("{FAE04EC0-301F-11D3-BF4B-00C04F79EFBC}") = "OrderManagement.Infrastructure", "OrderManagement.Infrastructure\OrderManagement.Infrastructure.csproj", "{7BA44F04-B8FE-44A8-A0F3-79C9720E5ACE}"
EndProject
Project("{FAE04EC0-301F-11D3-BF4B-00C04F79EFBC}") = "OrderManagement.API", "OrderManagement.API\OrderManagement.API.csproj", "{A2DA6F7C-4244-4C48-9104-E3892BB36623}"
EndProject
Global
	GlobalSection(SolutionConfigurationPlatforms) = preSolution
		Debug|Any CPU = Debug|Any CPU
		Release|Any CPU = Release|Any CPU
	EndGlobalSection
	GlobalSection(ProjectConfigurationPlatforms) = postSolution
		{CF8A00CA-8F59-46F0-B496-F4979AC024F1}.Debug|Any CPU.ActiveCfg = Debug|Any CPU
		{CF8A00CA-8F59-46F0-B496-F4979AC024F1}.Debug|Any CPU.Build.0 = Debug|Any CPU
		{CF8A00CA-8F59-46F0-B496-F4979AC024F1}.Release|Any CPU.ActiveCfg = Release|Any CPU
		{CF8A00CA-8F59-46F0-B496-F4979AC024F1}.Release|Any CPU.Build.0 = Release|Any CPU
		{7BA44F04-B8FE-44A8-A0F3-79C9720E5ACE}.Debug|Any CPU.ActiveCfg = Debug|Any CPU
		{7BA44F04-B8FE-44A8-A0F3-79C9720E5ACE}.Debug|Any CPU.Build.0 = Debug|Any CPU
		{7BA44F04-B8FE-44A8-A0F3-79C9720E5ACE}.Release|Any CPU.ActiveCfg = Release|Any CPU
		{7BA44F04-B8FE-44A8-A0F3-79C9720E5ACE}.Release|Any CPU.Build.0 = Release|Any CPU
		{A2DA6F7C-4244-4C48-9104-E3892BB36623}.Debug|Any CPU.ActiveCfg = Debug|Any CPU
		{A2DA6F7C-4244-4C48-9104-E3892BB36623}.Debug|Any CPU.Build.0 = Debug|Any CPU
		{A2DA6F7C-4244-4C48-9104-E3892BB36623}.Release|Any CPU.ActiveCfg = Release|Any CPU
		{A2DA6F7C-4244-4C48-9104-E3892BB36623}.Release|Any CPU.Build.0 = Release|Any CPU
	EndGlobalSection
	GlobalSection(SolutionProperties) = preSolution
		HideSolutionNode = FALSE
	EndGlobalSection
	GlobalSection(ExtensibilityGlobals) = postSolution
		SolutionGuid = {34E71E0C-21C8-44DE-8D0C-0D1431976AAD}
	EndGlobalSection
EndGlobal
